
Microsoft Visual Studio Solution File, Format Version 12.00
# Visual Studio Version 16
VisualStudioVersion = 16.0.30225.117
MinimumVisualStudioVersion = 10.0.40219.1
Project("{FAE04EC0-301F-11D3-BF4B-00C04F79EFBC}") = "CampaignModule.Command", "CampaignModule.Command\CampaignModule.Command.csproj", "{411BC8FA-652B-48CF-8909-568FD3FE212A}"
EndProject
Project("{FAE04EC0-301F-11D3-BF4B-00C04F79EFBC}") = "CampaignModule.Domain", "CampaignModule.Domain\CampaignModule.Domain.csproj", "{1A9FF562-D783-4148-B84F-AEC35647E981}"
EndProject
Project("{FAE04EC0-301F-11D3-BF4B-00C04F79EFBC}") = "CampaignModule.Core", "CampaignModule.Core\CampaignModule.Core.csproj", "{2ABBEA2F-42C7-4735-B62A-2A77FDFA5FC7}"
EndProject
Project("{FAE04EC0-301F-11D3-BF4B-00C04F79EFBC}") = "CampaignModule.Utilities", "CampaignModule.Utilities\CampaignModule.Utilities.csproj", "{FB7B16D0-9009-41C3-B2CC-95AE61EBFB08}"
EndProject
Project("{FAE04EC0-301F-11D3-BF4B-00C04F79EFBC}") = "CampaignModule.Service", "CampaignModule.Service\CampaignModule.Service.csproj", "{360F1167-BA50-4ABD-B124-47C9917B2C1E}"
EndProject
Global
	GlobalSection(SolutionConfigurationPlatforms) = preSolution
		Debug|Any CPU = Debug|Any CPU
		Release|Any CPU = Release|Any CPU
	EndGlobalSection
	GlobalSection(ProjectConfigurationPlatforms) = postSolution
		{411BC8FA-652B-48CF-8909-568FD3FE212A}.Debug|Any CPU.ActiveCfg = Debug|Any CPU
		{411BC8FA-652B-48CF-8909-568FD3FE212A}.Debug|Any CPU.Build.0 = Debug|Any CPU
		{411BC8FA-652B-48CF-8909-568FD3FE212A}.Release|Any CPU.ActiveCfg = Release|Any CPU
		{411BC8FA-652B-48CF-8909-568FD3FE212A}.Release|Any CPU.Build.0 = Release|Any CPU
		{1A9FF562-D783-4148-B84F-AEC35647E981}.Debug|Any CPU.ActiveCfg = Debug|Any CPU
		{1A9FF562-D783-4148-B84F-AEC35647E981}.Debug|Any CPU.Build.0 = Debug|Any CPU
		{1A9FF562-D783-4148-B84F-AEC35647E981}.Release|Any CPU.ActiveCfg = Release|Any CPU
		{1A9FF562-D783-4148-B84F-AEC35647E981}.Release|Any CPU.Build.0 = Release|Any CPU
		{2ABBEA2F-42C7-4735-B62A-2A77FDFA5FC7}.Debug|Any CPU.ActiveCfg = Debug|Any CPU
		{2ABBEA2F-42C7-4735-B62A-2A77FDFA5FC7}.Debug|Any CPU.Build.0 = Debug|Any CPU
		{2ABBEA2F-42C7-4735-B62A-2A77FDFA5FC7}.Release|Any CPU.ActiveCfg = Release|Any CPU
		{2ABBEA2F-42C7-4735-B62A-2A77FDFA5FC7}.Release|Any CPU.Build.0 = Release|Any CPU
		{FB7B16D0-9009-41C3-B2CC-95AE61EBFB08}.Debug|Any CPU.ActiveCfg = Debug|Any CPU
		{FB7B16D0-9009-41C3-B2CC-95AE61EBFB08}.Debug|Any CPU.Build.0 = Debug|Any CPU
		{FB7B16D0-9009-41C3-B2CC-95AE61EBFB08}.Release|Any CPU.ActiveCfg = Release|Any CPU
		{FB7B16D0-9009-41C3-B2CC-95AE61EBFB08}.Release|Any CPU.Build.0 = Release|Any CPU
		{360F1167-BA50-4ABD-B124-47C9917B2C1E}.Debug|Any CPU.ActiveCfg = Debug|Any CPU
		{360F1167-BA50-4ABD-B124-47C9917B2C1E}.Debug|Any CPU.Build.0 = Debug|Any CPU
		{360F1167-BA50-4ABD-B124-47C9917B2C1E}.Release|Any CPU.ActiveCfg = Release|Any CPU
		{360F1167-BA50-4ABD-B124-47C9917B2C1E}.Release|Any CPU.Build.0 = Release|Any CPU
	EndGlobalSection
	GlobalSection(SolutionProperties) = preSolution
		HideSolutionNode = FALSE
	EndGlobalSection
	GlobalSection(ExtensibilityGlobals) = postSolution
		SolutionGuid = {B8B51A71-1FE6-434B-9E05-B9AE0EFD7EA8}
	EndGlobalSection
EndGlobal
